
Microsoft Visual Studio Solution File, Format Version 12.00
# Visual Studio Version 16
VisualStudioVersion = 16.0.31424.327
MinimumVisualStudioVersion = 10.0.40219.1
Project("{9A19103F-16F7-4668-BE54-9A1E7A4F7556}") = "Project", "Project.csproj", "{6208172D-945F-4A33-B86C-B9C071745B38}"
EndProject
Project("{FAE04EC0-301F-11D3-BF4B-00C04F79EFBC}") = "First Class", "..\Project2\First Class.csproj", "{E2416045-1122-44C4-AF92-3275E250B523}"
EndProject
Project("{FAE04EC0-301F-11D3-BF4B-00C04F79EFBC}") = "Second Class", "..\Second Class\Second Class.csproj", "{7B0053B0-8DCC-4D0C-B800-8364CA8257FF}"
EndProject
Global
	GlobalSection(SolutionConfigurationPlatforms) = preSolution
		Debug|Any CPU = Debug|Any CPU
		Release|Any CPU = Release|Any CPU
	EndGlobalSection
	GlobalSection(ProjectConfigurationPlatforms) = postSolution
		{6208172D-945F-4A33-B86C-B9C071745B38}.Debug|Any CPU.ActiveCfg = Debug|Any CPU
		{6208172D-945F-4A33-B86C-B9C071745B38}.Debug|Any CPU.Build.0 = Debug|Any CPU
		{6208172D-945F-4A33-B86C-B9C071745B38}.Release|Any CPU.ActiveCfg = Release|Any CPU
		{6208172D-945F-4A33-B86C-B9C071745B38}.Release|Any CPU.Build.0 = Release|Any CPU
		{E2416045-1122-44C4-AF92-3275E250B523}.Debug|Any CPU.ActiveCfg = Debug|Any CPU
		{E2416045-1122-44C4-AF92-3275E250B523}.Debug|Any CPU.Build.0 = Debug|Any CPU
		{E2416045-1122-44C4-AF92-3275E250B523}.Release|Any CPU.ActiveCfg = Release|Any CPU
		{E2416045-1122-44C4-AF92-3275E250B523}.Release|Any CPU.Build.0 = Release|Any CPU
		{7B0053B0-8DCC-4D0C-B800-8364CA8257FF}.Debug|Any CPU.ActiveCfg = Debug|Any CPU
		{7B0053B0-8DCC-4D0C-B800-8364CA8257FF}.Debug|Any CPU.Build.0 = Debug|Any CPU
		{7B0053B0-8DCC-4D0C-B800-8364CA8257FF}.Release|Any CPU.ActiveCfg = Release|Any CPU
		{7B0053B0-8DCC-4D0C-B800-8364CA8257FF}.Release|Any CPU.Build.0 = Release|Any CPU
	EndGlobalSection
	GlobalSection(SolutionProperties) = preSolution
		HideSolutionNode = FALSE
	EndGlobalSection
	GlobalSection(ExtensibilityGlobals) = postSolution
		SolutionGuid = {F645D03B-1560-4B94-88E7-17EA38B85B78}
	EndGlobalSection
EndGlobal
